{
  "name": "random-slug",
  "version": "1.0.0",
  "lockfileVersion": 3,
  "requires": true,
  "packages": {
    "": {
      "name": "random-slug",
      "version": "1.0.0",
      "license": "MIT",
      "dependencies": {
        "commander": "^13.1.0",
        "random-word-slugs": "^0.1.7"
      },
      "bin": {
        "random-slug": "index.js"
      },
      "engines": {
        "node": ">=14"
      }
    },
    "node_modules/commander": {
      "version": "13.1.0",
      "resolved": "https://registry.npmjs.org/commander/-/commander-13.1.0.tgz",
      "integrity": "sha512-/rFeCpNJQbhSZjGVwO9RFV3xPqbnERS8MmIQzCtD/zl6gpJuV/bMLuN92oG3F7d8oDEHHRrujSXNUr8fpjntKw==",
      "license": "MIT",
      "engines": {
        "node": ">=18"
      }
    },
    "node_modules/random-word-slugs": {
      "version": "0.1.7",
      "resolved": "https://registry.npmjs.org/random-word-slugs/-/random-word-slugs-0.1.7.tgz",
      "integrity": "sha512-8cyzxOIDeLFvwSPTgCItMXHGT5ZPkjhuFKUTww06Xg1dNMXuGxIKlARvS7upk6JXIm41ZKXmtlKR1iCRWklKmg==",
      "license": "MIT"
    }
  }
}
