lockfileVersion: '9.0'

settings:
  autoInstallPeers: true
  excludeLinksFromLockfile: false

importers:

  .:
    dependencies:
      commander:
        specifier: ^13.1.0
        version: 13.1.0
      random-word-slugs:
        specifier: ^0.1.7
        version: 0.1.7

packages:

  commander@13.1.0:
    resolution: {integrity: sha512-/rFeCpNJQbhSZjGVwO9RFV3xPqbnERS8MmIQzCtD/zl6gpJuV/bMLuN92oG3F7d8oDEHHRrujSXNUr8fpjntKw==}
    engines: {node: '>=18'}

  random-word-slugs@0.1.7:
    resolution: {integrity: sha512-8cyzxOIDeLFvwSPTgCItMXHGT5ZPkjhuFKUTww06Xg1dNMXuGxIKlARvS7upk6JXIm41ZKXmtlKR1iCRWklKmg==}

snapshots:

  commander@13.1.0: {}

  random-word-slugs@0.1.7: {}
